
Microsoft Visual Studio Solution File, Format Version 12.00
# Visual Studio 15
VisualStudioVersion = 15.0.26124.0
MinimumVisualStudioVersion = 15.0.26124.0
Project("{FAE04EC0-301F-11D3-BF4B-00C04F79EFBC}") = "API", "API\API.csproj", "{0B6292BD-09DA-43B9-B7BA-D12DC6F17110}"
EndProject
Project("{FAE04EC0-301F-11D3-BF4B-00C04F79EFBC}") = "Core", "Core\Core.csproj", "{F6F9C732-FCA0-40EA-95A3-1437CEA91772}"
EndProject
Project("{FAE04EC0-301F-11D3-BF4B-00C04F79EFBC}") = "Infrastructure", "Infrastructure\Infrastructure.csproj", "{5F3744AE-904F-43DA-96C2-DC698BA29C59}"
EndProject
Global
	GlobalSection(SolutionConfigurationPlatforms) = preSolution
		Debug|Any CPU = Debug|Any CPU
		Debug|x64 = Debug|x64
		Debug|x86 = Debug|x86
		Release|Any CPU = Release|Any CPU
		Release|x64 = Release|x64
		Release|x86 = Release|x86
	EndGlobalSection
	GlobalSection(SolutionProperties) = preSolution
		HideSolutionNode = FALSE
	EndGlobalSection
	GlobalSection(ProjectConfigurationPlatforms) = postSolution
		{0B6292BD-09DA-43B9-B7BA-D12DC6F17110}.Debug|Any CPU.ActiveCfg = Debug|Any CPU
		{0B6292BD-09DA-43B9-B7BA-D12DC6F17110}.Debug|Any CPU.Build.0 = Debug|Any CPU
		{0B6292BD-09DA-43B9-B7BA-D12DC6F17110}.Debug|x64.ActiveCfg = Debug|Any CPU
		{0B6292BD-09DA-43B9-B7BA-D12DC6F17110}.Debug|x64.Build.0 = Debug|Any CPU
		{0B6292BD-09DA-43B9-B7BA-D12DC6F17110}.Debug|x86.ActiveCfg = Debug|Any CPU
		{0B6292BD-09DA-43B9-B7BA-D12DC6F17110}.Debug|x86.Build.0 = Debug|Any CPU
		{0B6292BD-09DA-43B9-B7BA-D12DC6F17110}.Release|Any CPU.ActiveCfg = Release|Any CPU
		{0B6292BD-09DA-43B9-B7BA-D12DC6F17110}.Release|Any CPU.Build.0 = Release|Any CPU
		{0B6292BD-09DA-43B9-B7BA-D12DC6F17110}.Release|x64.ActiveCfg = Release|Any CPU
		{0B6292BD-09DA-43B9-B7BA-D12DC6F17110}.Release|x64.Build.0 = Release|Any CPU
		{0B6292BD-09DA-43B9-B7BA-D12DC6F17110}.Release|x86.ActiveCfg = Release|Any CPU
		{0B6292BD-09DA-43B9-B7BA-D12DC6F17110}.Release|x86.Build.0 = Release|Any CPU
		{F6F9C732-FCA0-40EA-95A3-1437CEA91772}.Debug|Any CPU.ActiveCfg = Debug|Any CPU
		{F6F9C732-FCA0-40EA-95A3-1437CEA91772}.Debug|Any CPU.Build.0 = Debug|Any CPU
		{F6F9C732-FCA0-40EA-95A3-1437CEA91772}.Debug|x64.ActiveCfg = Debug|Any CPU
		{F6F9C732-FCA0-40EA-95A3-1437CEA91772}.Debug|x64.Build.0 = Debug|Any CPU
		{F6F9C732-FCA0-40EA-95A3-1437CEA91772}.Debug|x86.ActiveCfg = Debug|Any CPU
		{F6F9C732-FCA0-40EA-95A3-1437CEA91772}.Debug|x86.Build.0 = Debug|Any CPU
		{F6F9C732-FCA0-40EA-95A3-1437CEA91772}.Release|Any CPU.ActiveCfg = Release|Any CPU
		{F6F9C732-FCA0-40EA-95A3-1437CEA91772}.Release|Any CPU.Build.0 = Release|Any CPU
		{F6F9C732-FCA0-40EA-95A3-1437CEA91772}.Release|x64.ActiveCfg = Release|Any CPU
		{F6F9C732-FCA0-40EA-95A3-1437CEA91772}.Release|x64.Build.0 = Release|Any CPU
		{F6F9C732-FCA0-40EA-95A3-1437CEA91772}.Release|x86.ActiveCfg = Release|Any CPU
		{F6F9C732-FCA0-40EA-95A3-1437CEA91772}.Release|x86.Build.0 = Release|Any CPU
		{5F3744AE-904F-43DA-96C2-DC698BA29C59}.Debug|Any CPU.ActiveCfg = Debug|Any CPU
		{5F3744AE-904F-43DA-96C2-DC698BA29C59}.Debug|Any CPU.Build.0 = Debug|Any CPU
		{5F3744AE-904F-43DA-96C2-DC698BA29C59}.Debug|x64.ActiveCfg = Debug|Any CPU
		{5F3744AE-904F-43DA-96C2-DC698BA29C59}.Debug|x64.Build.0 = Debug|Any CPU
		{5F3744AE-904F-43DA-96C2-DC698BA29C59}.Debug|x86.ActiveCfg = Debug|Any CPU
		{5F3744AE-904F-43DA-96C2-DC698BA29C59}.Debug|x86.Build.0 = Debug|Any CPU
		{5F3744AE-904F-43DA-96C2-DC698BA29C59}.Release|Any CPU.ActiveCfg = Release|Any CPU
		{5F3744AE-904F-43DA-96C2-DC698BA29C59}.Release|Any CPU.Build.0 = Release|Any CPU
		{5F3744AE-904F-43DA-96C2-DC698BA29C59}.Release|x64.ActiveCfg = Release|Any CPU
		{5F3744AE-904F-43DA-96C2-DC698BA29C59}.Release|x64.Build.0 = Release|Any CPU
		{5F3744AE-904F-43DA-96C2-DC698BA29C59}.Release|x86.ActiveCfg = Release|Any CPU
		{5F3744AE-904F-43DA-96C2-DC698BA29C59}.Release|x86.Build.0 = Release|Any CPU
	EndGlobalSection
EndGlobal
